// !$*UTF8*$!
{
	archiveVersion = 1;
	classes = {
	};
	objectVersion = 46;
	objects = {

/* Begin PBXBuildFile section */
		836F3A4E1F4EA91D00438F76 /* main.m in Sources */ = {isa = PBXBuildFile; fileRef = 836F3A4D1F4EA91D00438F76 /* main.m */; };
		836F3A511F4EA91D00438F76 /* AppDelegate.m in Sources */ = {isa = PBXBuildFile; fileRef = 836F3A501F4EA91D00438F76 /* AppDelegate.m */; };
		836F3A541F4EA91E00438F76 /* ViewController.m in Sources */ = {isa = PBXBuildFile; fileRef = 836F3A531F4EA91E00438F76 /* ViewController.m */; };
		836F3A571F4EA91E00438F76 /* Main.storyboard in Resources */ = {isa = PBXBuildFile; fileRef = 836F3A551F4EA91E00438F76 /* Main.storyboard */; };
		836F3A591F4EA91E00438F76 /* Assets.xcassets in Resources */ = {isa = PBXBuildFile; fileRef = 836F3A581F4EA91E00438F76 /* Assets.xcassets */; };
		836F3A5C1F4EA91E00438F76 /* LaunchScreen.storyboard in Resources */ = {isa = PBXBuildFile; fileRef = 836F3A5A1F4EA91E00438F76 /* LaunchScreen.storyboard */; };
		836F3A661F4EAA3200438F76 /* KODJunkCodeCreater.framework in Frameworks */ = {isa = PBXBuildFile; fileRef = 836F3A651F4EAA3200438F76 /* KODJunkCodeCreater.framework */; };
		836F3A671F4EAA7C00438F76 /* KODJunkCodeCreater.framework in Frameworks */ = {isa = PBXBuildFile; fileRef = 836F3A651F4EAA3200438F76 /* KODJunkCodeCreater.framework */; };
		836F3A681F4EAA7C00438F76 /* KODJunkCodeCreater.framework in Embed Frameworks */ = {isa = PBXBuildFile; fileRef = 836F3A651F4EAA3200438F76 /* KODJunkCodeCreater.framework */; settings = {ATTRIBUTES = (CodeSignOnCopy, RemoveHeadersOnCopy, ); }; };
/* End PBXBuildFile section */

/* Begin PBXCopyFilesBuildPhase section */
		836F3A691F4EAA7C00438F76 /* Embed Frameworks */ = {
			isa = PBXCopyFilesBuildPhase;
			buildActionMask = 2147483647;
			dstPath = "";
			dstSubfolderSpec = 10;
			files = (
				836F3A681F4EAA7C00438F76 /* KODJunkCodeCreater.framework in Embed Frameworks */,
			);
			name = "Embed Frameworks";
			runOnlyForDeploymentPostprocessing = 0;
		};
/* End PBXCopyFilesBuildPhase section */

/* Begin PBXFileReference section */
		836F3A491F4EA91D00438F76 /* KODJunkCodeFrameworkTestDemo.app */ = {isa = PBXFileReference; explicitFileType = wrapper.application; includeInIndex = 0; path = KODJunkCodeFrameworkTestDemo.app; sourceTree = BUILT_PRODUCTS_DIR; };
		836F3A4D1F4EA91D00438F76 /* main.m */ = {isa = PBXFileReference; lastKnownFileType = sourcecode.c.objc; path = main.m; sourceTree = "<group>"; };
		836F3A4F1F4EA91D00438F76 /* AppDelegate.h */ = {isa = PBXFileReference; lastKnownFileType = sourcecode.c.h; path = AppDelegate.h; sourceTree = "<group>"; };
		836F3A501F4EA91D00438F76 /* AppDelegate.m */ = {isa = PBXFileReference; lastKnownFileType = sourcecode.c.objc; path = AppDelegate.m; sourceTree = "<group>"; };
		836F3A521F4EA91D00438F76 /* ViewController.h */ = {isa = PBXFileReference; lastKnownFileType = sourcecode.c.h; path = ViewController.h; sourceTree = "<group>"; };
		836F3A531F4EA91E00438F76 /* ViewController.m */ = {isa = PBXFileReference; lastKnownFileType = sourcecode.c.objc; path = ViewController.m; sourceTree = "<group>"; };
		836F3A561F4EA91E00438F76 /* Base */ = {isa = PBXFileReference; lastKnownFileType = file.storyboard; name = Base; path = Base.lproj/Main.storyboard; sourceTree = "<group>"; };
		836F3A581F4EA91E00438F76 /* Assets.xcassets */ = {isa = PBXFileReference; lastKnownFileType = folder.assetcatalog; path = Assets.xcassets; sourceTree = "<group>"; };
		836F3A5B1F4EA91E00438F76 /* Base */ = {isa = PBXFileReference; lastKnownFileType = file.storyboard; name = Base; path = Base.lproj/LaunchScreen.storyboard; sourceTree = "<group>"; };
		836F3A5D1F4EA91E00438F76 /* Info.plist */ = {isa = PBXFileReference; lastKnownFileType = text.plist.xml; path = Info.plist; sourceTree = "<group>"; };
		836F3A651F4EAA3200438F76 /* KODJunkCodeCreater.framework */ = {isa = PBXFileReference; lastKnownFileType = wrapper.framework; path = KODJunkCodeCreater.framework; sourceTree = "<group>"; };
/* End PBXFileReference section */

/* Begin PBXFrameworksBuildPhase section */
		836F3A461F4EA91D00438F76 /* Frameworks */ = {
			isa = PBXFrameworksBuildPhase;
			buildActionMask = 2147483647;
			files = (
				836F3A661F4EAA3200438F76 /* KODJunkCodeCreater.framework in Frameworks */,
				836F3A671F4EAA7C00438F76 /* KODJunkCodeCreater.framework in Frameworks */,
			);
			runOnlyForDeploymentPostprocessing = 0;
		};
/* End PBXFrameworksBuildPhase section */

/* Begin PBXGroup section */
		836F3A401F4EA91D00438F76 = {
			isa = PBXGroup;
			children = (
				836F3A4B1F4EA91D00438F76 /* KODJunkCodeFrameworkTestDemo */,
				836F3A4A1F4EA91D00438F76 /* Products */,
			);
			sourceTree = "<group>";
		};
		836F3A4A1F4EA91D00438F76 /* Products */ = {
			isa = PBXGroup;
			children = (
				836F3A491F4EA91D00438F76 /* KODJunkCodeFrameworkTestDemo.app */,
			);
			name = Products;
			sourceTree = "<group>";
		};
		836F3A4B1F4EA91D00438F76 /* KODJunkCodeFrameworkTestDemo */ = {
			isa = PBXGroup;
			children = (
				836F3A651F4EAA3200438F76 /* KODJunkCodeCreater.framework */,
				836F3A4F1F4EA91D00438F76 /* AppDelegate.h */,
				836F3A501F4EA91D00438F76 /* AppDelegate.m */,
				836F3A521F4EA91D00438F76 /* ViewController.h */,
				836F3A531F4EA91E00438F76 /* ViewController.m */,
				836F3A4C1F4EA91D00438F76 /* Supporting Files */,
			);
			path = KODJunkCodeFrameworkTestDemo;
			sourceTree = "<group>";
		};
		836F3A4C1F4EA91D00438F76 /* Supporting Files */ = {
			isa = PBXGroup;
			children = (
				836F3A551F4EA91E00438F76 /* Main.storyboard */,
				836F3A581F4EA91E00438F76 /* Assets.xcassets */,
				836F3A5A1F4EA91E00438F76 /* LaunchScreen.storyboard */,
				836F3A5D1F4EA91E00438F76 /* Info.plist */,
				836F3A4D1F4EA91D00438F76 /* main.m */,
			);
			name = "Supporting Files";
			sourceTree = "<group>";
		};
/* End PBXGroup section */

/* Begin PBXNativeTarget section */
		836F3A481F4EA91D00438F76 /* KODJunkCodeFrameworkTestDemo */ = {
			isa = PBXNativeTarget;
			buildConfigurationList = 836F3A601F4EA91E00438F76 /* Build configuration list for PBXNativeTarget "KODJunkCodeFrameworkTestDemo" */;
			buildPhases = (
				836F3A451F4EA91D00438F76 /* Sources */,
				836F3A461F4EA91D00438F76 /* Frameworks */,
				836F3A471F4EA91D00438F76 /* Resources */,
				836F3A691F4EAA7C00438F76 /* Embed Frameworks */,
			);
			buildRules = (
			);
			dependencies = (
			);
			name = KODJunkCodeFrameworkTestDemo;
			productName = KODJunkCodeFrameworkTestDemo;
			productReference = 836F3A491F4EA91D00438F76 /* KODJunkCodeFrameworkTestDemo.app */;
			productType = "com.apple.product-type.application";
		};
/* End PBXNativeTarget section */

/* Begin PBXProject section */
		836F3A411F4EA91D00438F76 /* Project object */ = {
			isa = PBXProject;
			attributes = {
				LastUpgradeCheck = 0830;
				ORGANIZATIONNAME = kodie;
				TargetAttributes = {
					836F3A481F4EA91D00438F76 = {
						CreatedOnToolsVersion = 8.3.3;
						DevelopmentTeam = D74VDV75FH;
						ProvisioningStyle = Manual;
					};
				};
			};
			buildConfigurationList = 836F3A441F4EA91D00438F76 /* Build configuration list for PBXProject "KODJunkCodeFrameworkTestDemo" */;
			compatibilityVersion = "Xcode 3.2";
			developmentRegion = English;
			hasScannedForEncodings = 0;
			knownRegions = (
				en,
				Base,
			);
			mainGroup = 836F3A401F4EA91D00438F76;
			productRefGroup = 836F3A4A1F4EA91D00438F76 /* Products */;
			projectDirPath = "";
			projectRoot = "";
			targets = (
				836F3A481F4EA91D00438F76 /* KODJunkCodeFrameworkTestDemo */,
			);
		};
/* End PBXProject section */

/* Begin PBXResourcesBuildPhase section */
		836F3A471F4EA91D00438F76 /* Resources */ = {
			isa = PBXResourcesBuildPhase;
			buildActionMask = 2147483647;
			files = (
				836F3A5C1F4EA91E00438F76 /* LaunchScreen.storyboard in Resources */,
				836F3A591F4EA91E00438F76 /* Assets.xcassets in Resources */,
				836F3A571F4EA91E00438F76 /* Main.storyboard in Resources */,
			);
			runOnlyForDeploymentPostprocessing = 0;
		};
/* End PBXResourcesBuildPhase section */

/* Begin PBXSourcesBuildPhase section */
		836F3A451F4EA91D00438F76 /* Sources */ = {
			isa = PBXSourcesBuildPhase;
			buildActionMask = 2147483647;
			files = (
				836F3A541F4EA91E00438F76 /* ViewController.m in Sources */,
				836F3A511F4EA91D00438F76 /* AppDelegate.m in Sources */,
				836F3A4E1F4EA91D00438F76 /* main.m in Sources */,
			);
			runOnlyForDeploymentPostprocessing = 0;
		};
/* End PBXSourcesBuildPhase section */

/* Begin PBXVariantGroup section */
		836F3A551F4EA91E00438F76 /* Main.storyboard */ = {
			isa = PBXVariantGroup;
			children = (
				836F3A561F4EA91E00438F76 /* Base */,
			);
			name = Main.storyboard;
			sourceTree = "<group>";
		};
		836F3A5A1F4EA91E00438F76 /* LaunchScreen.storyboard */ = {
			isa = PBXVariantGroup;
			children = (
				836F3A5B1F4EA91E00438F76 /* Base */,
			);
			name = LaunchScreen.storyboard;
			sourceTree = "<group>";
		};
/* End PBXVariantGroup section */

/* Begin XCBuildConfiguration section */
		836F3A5E1F4EA91E00438F76 /* Debug */ = {
			isa = XCBuildConfiguration;
			buildSettings = {
				ALWAYS_SEARCH_USER_PATHS = NO;
				CLANG_ANALYZER_NONNULL = YES;
				CLANG_ANALYZER_NUMBER_OBJECT_CONVERSION = YES_AGGRESSIVE;
				CLANG_CXX_LANGUAGE_STANDARD = "gnu++0x";
				CLANG_CXX_LIBRARY = "libc++";
				CLANG_ENABLE_MODULES = YES;
				CLANG_ENABLE_OBJC_ARC = YES;
				CLANG_WARN_BOOL_CONVERSION = YES;
				CLANG_WARN_CONSTANT_CONVERSION = YES;
				CLANG_WARN_DIRECT_OBJC_ISA_USAGE = YES_ERROR;
				CLANG_WARN_DOCUMENTATION_COMMENTS = YES;
				CLANG_WARN_EMPTY_BODY = YES;
				CLANG_WARN_ENUM_CONVERSION = YES;
				CLANG_WARN_INFINITE_RECURSION = YES;
				CLANG_WARN_INT_CONVERSION = YES;
				CLANG_WARN_OBJC_ROOT_CLASS = YES_ERROR;
				CLANG_WARN_SUSPICIOUS_MOVE = YES;
				CLANG_WARN_UNREACHABLE_CODE = YES;
				CLANG_WARN__DUPLICATE_METHOD_MATCH = YES;
				"CODE_SIGN_IDENTITY[sdk=iphoneos*]" = "iPhone Developer";
				COPY_PHASE_STRIP = NO;
				DEBUG_INFORMATION_FORMAT = dwarf;
				ENABLE_STRICT_OBJC_MSGSEND = YES;
				ENABLE_TESTABILITY = YES;
				GCC_C_LANGUAGE_STANDARD = gnu99;
				GCC_DYNAMIC_NO_PIC = NO;
				GCC_NO_COMMON_BLOCKS = YES;
				GCC_OPTIMIZATION_LEVEL = 0;
				GCC_PREPROCESSOR_DEFINITIONS = (
					"DEBUG=1",
					"$(inherited)",
				);
				GCC_WARN_64_TO_32_BIT_CONVERSION = YES;
				GCC_WARN_ABOUT_RETURN_TYPE = YES_ERROR;
				GCC_WARN_UNDECLARED_SELECTOR = YES;
				GCC_WARN_UNINITIALIZED_AUTOS = YES_AGGRESSIVE;
				GCC_WARN_UNUSED_FUNCTION = YES;
				GCC_WARN_UNUSED_VARIABLE = YES;
				IPHONEOS_DEPLOYMENT_TARGET = 10.3;
				MTL_ENABLE_DEBUG_INFO = YES;
				ONLY_ACTIVE_ARCH = YES;
				SDKROOT = iphoneos;
				TARGETED_DEVICE_FAMILY = "1,2";
			};
			name = Debug;
		};
		836F3A5F1F4EA91E00438F76 /* Release */ = {
			isa = XCBuildConfiguration;
			buildSettings = {
				ALWAYS_SEARCH_USER_PATHS = NO;
				CLANG_ANALYZER_NONNULL = YES;
				CLANG_ANALYZER_NUMBER_OBJECT_CONVERSION = YES_AGGRESSIVE;
				CLANG_CXX_LANGUAGE_STANDARD = "gnu++0x";
				CLANG_CXX_LIBRARY = "libc++";
				CLANG_ENABLE_MODULES = YES;
				CLANG_ENABLE_OBJC_ARC = YES;
				CLANG_WARN_BOOL_CONVERSION = YES;
				CLANG_WARN_CONSTANT_CONVERSION = YES;
				CLANG_WARN_DIRECT_OBJC_ISA_USAGE = YES_ERROR;
				CLANG_WARN_DOCUMENTATION_COMMENTS = YES;
				CLANG_WARN_EMPTY_BODY = YES;
				CLANG_WARN_ENUM_CONVERSION = YES;
				CLANG_WARN_INFINITE_RECURSION = YES;
				CLANG_WARN_INT_CONVERSION = YES;
				CLANG_WARN_OBJC_ROOT_CLASS = YES_ERROR;
				CLANG_WARN_SUSPICIOUS_MOVE = YES;
				CLANG_WARN_UNREACHABLE_CODE = YES;
				CLANG_WARN__DUPLICATE_METHOD_MATCH = YES;
				"CODE_SIGN_IDENTITY[sdk=iphoneos*]" = "iPhone Developer";
				COPY_PHASE_STRIP = NO;
				DEBUG_INFORMATION_FORMAT = "dwarf-with-dsym";
				ENABLE_NS_ASSERTIONS = NO;
				ENABLE_STRICT_OBJC_MSGSEND = YES;
				GCC_C_LANGUAGE_STANDARD = gnu99;
				GCC_NO_COMMON_BLOCKS = YES;
				GCC_WARN_64_TO_32_BIT_CONVERSION = YES;
				GCC_WARN_ABOUT_RETURN_TYPE = YES_ERROR;
				GCC_WARN_UNDECLARED_SELECTOR = YES;
				GCC_WARN_UNINITIALIZED_AUTOS = YES_AGGRESSIVE;
				GCC_WARN_UNUSED_FUNCTION = YES;
				GCC_WARN_UNUSED_VARIABLE = YES;
				IPHONEOS_DEPLOYMENT_TARGET = 10.3;
				MTL_ENABLE_DEBUG_INFO = NO;
				SDKROOT = iphoneos;
				TARGETED_DEVICE_FAMILY = "1,2";
				VALIDATE_PRODUCT = YES;
			};
			name = Release;
		};
		836F3A611F4EA91E00438F76 /* Debug */ = {
			isa = XCBuildConfiguration;
			buildSettings = {
				ASSETCATALOG_COMPILER_APPICON_NAME = AppIcon;
				DEVELOPMENT_TEAM = D74VDV75FH;
				FRAMEWORK_SEARCH_PATHS = (
					"$(inherited)",
					"$(PROJECT_DIR)/KODJunkCodeFrameworkTestDemo",
				);
				INFOPLIST_FILE = KODJunkCodeFrameworkTestDemo/Info.plist;
				IPHONEOS_DEPLOYMENT_TARGET = 8.0;
				LD_RUNPATH_SEARCH_PATHS = "$(inherited) @executable_path/Frameworks";
				PRODUCT_BUNDLE_IDENTIFIER = com.kodie.KODJunkCodeFrameworkTestDemo;
				PRODUCT_NAME = "$(TARGET_NAME)";
				PROVISIONING_PROFILE = "aa30ac96-8004-4ad4-b113-2a8a5e31bfbf";
				PROVISIONING_PROFILE_SPECIFIER = iOS_kodieDevelopProfile;
			};
			name = Debug;
		};
		836F3A621F4EA91E00438F76 /* Release */ = {
			isa = XCBuildConfiguration;
			buildSettings = {
				ASSETCATALOG_COMPILER_APPICON_NAME = AppIcon;
				"CODE_SIGN_IDENTITY[sdk=iphoneos*]" = "iPhone Distribution";
				DEVELOPMENT_TEAM = D74VDV75FH;
				FRAMEWORK_SEARCH_PATHS = (
					"$(inherited)",
					"$(PROJECT_DIR)/KODJunkCodeFrameworkTestDemo",
				);
				INFOPLIST_FILE = KODJunkCodeFrameworkTestDemo/Info.plist;
				IPHONEOS_DEPLOYMENT_TARGET = 8.0;
				LD_RUNPATH_SEARCH_PATHS = "$(inherited) @executable_path/Frameworks";
				PRODUCT_BUNDLE_IDENTIFIER = com.kodie.KODJunkCodeFrameworkTestDemo;
				PRODUCT_NAME = "$(TARGET_NAME)";
				PROVISIONING_PROFILE = "edf43619-335e-473a-a947-c69b217d252f";
				PROVISIONING_PROFILE_SPECIFIER = iOS_kodieDistributionProfile;
			};
			name = Release;
		};
/* End XCBuildConfiguration section */

/* Begin XCConfigurationList section */
		836F3A441F4EA91D00438F76 /* Build configuration list for PBXProject "KODJunkCodeFrameworkTestDemo" */ = {
			isa = XCConfigurationList;
			buildConfigurations = (
				836F3A5E1F4EA91E00438F76 /* Debug */,
				836F3A5F1F4EA91E00438F76 /* Release */,
			);
			defaultConfigurationIsVisible = 0;
			defaultConfigurationName = Release;
		};
		836F3A601F4EA91E00438F76 /* Build configuration list for PBXNativeTarget "KODJunkCodeFrameworkTestDemo" */ = {
			isa = XCConfigurationList;
			buildConfigurations = (
				836F3A611F4EA91E00438F76 /* Debug */,
				836F3A621F4EA91E00438F76 /* Release */,
			);
			defaultConfigurationIsVisible = 0;
		};
/* End XCConfigurationList section */
	};
	rootObject = 836F3A411F4EA91D00438F76 /* Project object */;
}
